
Microsoft Visual Studio Solution File, Format Version 12.00
# Visual Studio Version 17
VisualStudioVersion = 17.4.33110.190
MinimumVisualStudioVersion = 10.0.40219.1
Project("{FAE04EC0-301F-11D3-BF4B-00C04F79EFBC}") = "JamesTabs", "JamesTabs\JamesTabs.csproj", "{FF516D2C-481D-4BA7-93DE-DC51DB3862F4}"
EndProject
Global
	GlobalSection(SolutionConfigurationPlatforms) = preSolution
		Debug|Any CPU = Debug|Any CPU
		Release|Any CPU = Release|Any CPU
	EndGlobalSection
	GlobalSection(ProjectConfigurationPlatforms) = postSolution
		{FF516D2C-481D-4BA7-93DE-DC51DB3862F4}.Debug|Any CPU.ActiveCfg = Debug|Any CPU
		{FF516D2C-481D-4BA7-93DE-DC51DB3862F4}.Debug|Any CPU.Build.0 = Debug|Any CPU
		{FF516D2C-481D-4BA7-93DE-DC51DB3862F4}.Release|Any CPU.ActiveCfg = Release|Any CPU
		{FF516D2C-481D-4BA7-93DE-DC51DB3862F4}.Release|Any CPU.Build.0 = Release|Any CPU
	EndGlobalSection
	GlobalSection(SolutionProperties) = preSolution
		HideSolutionNode = FALSE
	EndGlobalSection
	GlobalSection(ExtensibilityGlobals) = postSolution
		SolutionGuid = {C345FBB8-05BD-423D-98E6-52C3F44EEEA1}
	EndGlobalSection
EndGlobal
